{
  "version": 4,
  "terraform_version": "0.12.24",
  "serial": 8,
  "lineage": "80da0a7b-f0f3-4a46-8f3f-2e7236969b35",
  "outputs": {},
  "resources": [
    {
      "mode": "managed",
      "type": "azurerm_recovery_services_vault",
      "name": "TFvault",
      "provider": "provider.azurerm",
      "instances": [
        {
          "schema_version": 0,
          "attributes": {
            "id": "/subscriptions/ed89963d-bb95-4217-8098-82a34f9b6437/resourceGroups/example-terraform/providers/Microsoft.RecoveryServices/vaults/Terraform-recovery-vault",
            "location": "australiaeast",
            "name": "Terraform-recovery-vault",
            "resource_group_name": "example-terraform",
            "sku": "Standard",
            "soft_delete_enabled": true,
            "tags": null,
            "timeouts": null
          },
          "private": "eyJlMmJmYjczMC1lY2FhLTExZTYtOGY4OC0zNDM2M2JjN2M0YzAiOnsiY3JlYXRlIjoxODAwMDAwMDAwMDAwLCJkZWxldGUiOjE4MDAwMDAwMDAwMDAsInJlYWQiOjMwMDAwMDAwMDAwMCwidXBkYXRlIjoxODAwMDAwMDAwMDAwfX0=",
          "dependencies": [
            "azurerm_resource_group.TFRGexample"
          ]
        }
      ]
    },
    {
      "mode": "managed",
      "type": "azurerm_resource_group",
      "name": "TFRGexample",
      "provider": "provider.azurerm",
      "instances": [
        {
          "schema_version": 0,
          "attributes": {
            "id": "/subscriptions/ed89963d-bb95-4217-8098-82a34f9b6437/resourceGroups/example-terraform",
            "location": "australiaeast",
            "name": "example-terraform",
            "tags": {
              "CreatedBy": "Ultan",
              "environment": "Terraform"
            },
            "timeouts": null
          },
          "private": "eyJlMmJmYjczMC1lY2FhLTExZTYtOGY4OC0zNDM2M2JjN2M0YzAiOnsiY3JlYXRlIjo1NDAwMDAwMDAwMDAwLCJkZWxldGUiOjU0MDAwMDAwMDAwMDAsInJlYWQiOjMwMDAwMDAwMDAwMCwidXBkYXRlIjo1NDAwMDAwMDAwMDAwfX0="
        }
      ]
    }
  ]
}
